
Microsoft Visual Studio Solution File, Format Version 12.00
# Visual Studio Version 17
VisualStudioVersion = 17.0.31903.59
MinimumVisualStudioVersion = 10.0.40219.1
Project("{FAE04EC0-301F-11D3-BF4B-00C04F79EFBC}") = "Telegram.GateWay.Api", "Telegram.GateWay.Api\Telegram.GateWay.Api.csproj", "{C4724535-9A64-4C5A-AFC3-EBB552751474}"
EndProject
Project("{FAE04EC0-301F-11D3-BF4B-00C04F79EFBC}") = "Telegram.GateWay.Abstractions", "Telegram.GateWay.Abstractions\Telegram.GateWay.Abstractions.csproj", "{B62259FD-8A05-4B7E-9FDB-C2EA765D4497}"
EndProject
Project("{FAE04EC0-301F-11D3-BF4B-00C04F79EFBC}") = "TelegramGateWayTest", "TelegramGateWayTest\TelegramGateWayTest.csproj", "{3C57A468-8EFB-41BC-814F-247990232186}"
EndProject
Global
	GlobalSection(SolutionConfigurationPlatforms) = preSolution
		Debug|Any CPU = Debug|Any CPU
		Release|Any CPU = Release|Any CPU
	EndGlobalSection
	GlobalSection(SolutionProperties) = preSolution
		HideSolutionNode = FALSE
	EndGlobalSection
	GlobalSection(ProjectConfigurationPlatforms) = postSolution
		{C4724535-9A64-4C5A-AFC3-EBB552751474}.Debug|Any CPU.ActiveCfg = Debug|Any CPU
		{C4724535-9A64-4C5A-AFC3-EBB552751474}.Debug|Any CPU.Build.0 = Debug|Any CPU
		{C4724535-9A64-4C5A-AFC3-EBB552751474}.Release|Any CPU.ActiveCfg = Release|Any CPU
		{C4724535-9A64-4C5A-AFC3-EBB552751474}.Release|Any CPU.Build.0 = Release|Any CPU
		{B62259FD-8A05-4B7E-9FDB-C2EA765D4497}.Debug|Any CPU.ActiveCfg = Debug|Any CPU
		{B62259FD-8A05-4B7E-9FDB-C2EA765D4497}.Debug|Any CPU.Build.0 = Debug|Any CPU
		{B62259FD-8A05-4B7E-9FDB-C2EA765D4497}.Release|Any CPU.ActiveCfg = Release|Any CPU
		{B62259FD-8A05-4B7E-9FDB-C2EA765D4497}.Release|Any CPU.Build.0 = Release|Any CPU
		{3C57A468-8EFB-41BC-814F-247990232186}.Debug|Any CPU.ActiveCfg = Debug|Any CPU
		{3C57A468-8EFB-41BC-814F-247990232186}.Debug|Any CPU.Build.0 = Debug|Any CPU
		{3C57A468-8EFB-41BC-814F-247990232186}.Release|Any CPU.ActiveCfg = Release|Any CPU
		{3C57A468-8EFB-41BC-814F-247990232186}.Release|Any CPU.Build.0 = Release|Any CPU
	EndGlobalSection
EndGlobal
